// !$*UTF8*$!
{
	archiveVersion = 1;
	classes = {
	};
	objectVersion = 46;
	objects = {

/* Begin PBXBuildFile section */
		2B1A2ACF1CB484F900832CEF /* GamesVC.swift in Sources */ = {isa = PBXBuildFile; fileRef = 2B1A2ACE1CB484F900832CEF /* GamesVC.swift */; };
		2B1A2AD11CB4851300832CEF /* StoresVC.swift in Sources */ = {isa = PBXBuildFile; fileRef = 2B1A2AD01CB4851300832CEF /* StoresVC.swift */; };
		2B1A2AD31CB4852D00832CEF /* AddGameVC.swift in Sources */ = {isa = PBXBuildFile; fileRef = 2B1A2AD21CB4852D00832CEF /* AddGameVC.swift */; };
		2B1A2AD51CB4853D00832CEF /* GameDetailVC.swift in Sources */ = {isa = PBXBuildFile; fileRef = 2B1A2AD41CB4853D00832CEF /* GameDetailVC.swift */; };
		2B5C03451CBC978700ECAA60 /* Game+CoreDataProperties.swift in Sources */ = {isa = PBXBuildFile; fileRef = 2B5C03431CBC978700ECAA60 /* Game+CoreDataProperties.swift */; };
		2B5C03461CBC978700ECAA60 /* Game.swift in Sources */ = {isa = PBXBuildFile; fileRef = 2B5C03441CBC978700ECAA60 /* Game.swift */; };
		2BBC83E71CBD78FC008B4613 /* VideoGameStoreAnnotation.swift in Sources */ = {isa = PBXBuildFile; fileRef = 2BBC83E61CBD78FC008B4613 /* VideoGameStoreAnnotation.swift */; };
		2BD4D9781CB5DA790035C0F5 /* GameCell.swift in Sources */ = {isa = PBXBuildFile; fileRef = 2BD4D9771CB5DA790035C0F5 /* GameCell.swift */; };
		2BF5E48E1CB482E4005F4E35 /* AppDelegate.swift in Sources */ = {isa = PBXBuildFile; fileRef = 2BF5E48D1CB482E4005F4E35 /* AppDelegate.swift */; };
		2BF5E4901CB482E4005F4E35 /* ViewController.swift in Sources */ = {isa = PBXBuildFile; fileRef = 2BF5E48F1CB482E4005F4E35 /* ViewController.swift */; };
		2BF5E4931CB482E4005F4E35 /* Main.storyboard in Resources */ = {isa = PBXBuildFile; fileRef = 2BF5E4911CB482E4005F4E35 /* Main.storyboard */; };
		2BF5E4961CB482E4005F4E35 /* game_timeh.xcdatamodeld in Sources */ = {isa = PBXBuildFile; fileRef = 2BF5E4941CB482E4005F4E35 /* game_timeh.xcdatamodeld */; };
		2BF5E4981CB482E4005F4E35 /* Assets.xcassets in Resources */ = {isa = PBXBuildFile; fileRef = 2BF5E4971CB482E4005F4E35 /* Assets.xcassets */; };
		2BF5E49B1CB482E4005F4E35 /* LaunchScreen.storyboard in Resources */ = {isa = PBXBuildFile; fileRef = 2BF5E4991CB482E4005F4E35 /* LaunchScreen.storyboard */; };
/* End PBXBuildFile section */

/* Begin PBXFileReference section */
		2B1A2ACE1CB484F900832CEF /* GamesVC.swift */ = {isa = PBXFileReference; fileEncoding = 4; lastKnownFileType = sourcecode.swift; path = GamesVC.swift; sourceTree = "<group>"; };
		2B1A2AD01CB4851300832CEF /* StoresVC.swift */ = {isa = PBXFileReference; fileEncoding = 4; lastKnownFileType = sourcecode.swift; path = StoresVC.swift; sourceTree = "<group>"; };
		2B1A2AD21CB4852D00832CEF /* AddGameVC.swift */ = {isa = PBXFileReference; fileEncoding = 4; lastKnownFileType = sourcecode.swift; path = AddGameVC.swift; sourceTree = "<group>"; };
		2B1A2AD41CB4853D00832CEF /* GameDetailVC.swift */ = {isa = PBXFileReference; fileEncoding = 4; lastKnownFileType = sourcecode.swift; path = GameDetailVC.swift; sourceTree = "<group>"; };
		2B5C03431CBC978700ECAA60 /* Game+CoreDataProperties.swift */ = {isa = PBXFileReference; fileEncoding = 4; lastKnownFileType = sourcecode.swift; name = "Game+CoreDataProperties.swift"; path = "../Game+CoreDataProperties.swift"; sourceTree = "<group>"; };
		2B5C03441CBC978700ECAA60 /* Game.swift */ = {isa = PBXFileReference; fileEncoding = 4; lastKnownFileType = sourcecode.swift; name = Game.swift; path = ../Game.swift; sourceTree = "<group>"; };
		2BBC83E61CBD78FC008B4613 /* VideoGameStoreAnnotation.swift */ = {isa = PBXFileReference; fileEncoding = 4; lastKnownFileType = sourcecode.swift; path = VideoGameStoreAnnotation.swift; sourceTree = "<group>"; };
		2BD4D9771CB5DA790035C0F5 /* GameCell.swift */ = {isa = PBXFileReference; fileEncoding = 4; lastKnownFileType = sourcecode.swift; path = GameCell.swift; sourceTree = "<group>"; };
		2BF5E48A1CB482E4005F4E35 /* game-timeh.app */ = {isa = PBXFileReference; explicitFileType = wrapper.application; includeInIndex = 0; path = "game-timeh.app"; sourceTree = BUILT_PRODUCTS_DIR; };
		2BF5E48D1CB482E4005F4E35 /* AppDelegate.swift */ = {isa = PBXFileReference; lastKnownFileType = sourcecode.swift; path = AppDelegate.swift; sourceTree = "<group>"; };
		2BF5E48F1CB482E4005F4E35 /* ViewController.swift */ = {isa = PBXFileReference; lastKnownFileType = sourcecode.swift; path = ViewController.swift; sourceTree = "<group>"; };
		2BF5E4921CB482E4005F4E35 /* Base */ = {isa = PBXFileReference; lastKnownFileType = file.storyboard; name = Base; path = Base.lproj/Main.storyboard; sourceTree = "<group>"; };
		2BF5E4951CB482E4005F4E35 /* game_timeh.xcdatamodel */ = {isa = PBXFileReference; lastKnownFileType = wrapper.xcdatamodel; path = game_timeh.xcdatamodel; sourceTree = "<group>"; };
		2BF5E4971CB482E4005F4E35 /* Assets.xcassets */ = {isa = PBXFileReference; lastKnownFileType = folder.assetcatalog; path = Assets.xcassets; sourceTree = "<group>"; };
		2BF5E49A1CB482E4005F4E35 /* Base */ = {isa = PBXFileReference; lastKnownFileType = file.storyboard; name = Base; path = Base.lproj/LaunchScreen.storyboard; sourceTree = "<group>"; };
		2BF5E49C1CB482E4005F4E35 /* Info.plist */ = {isa = PBXFileReference; lastKnownFileType = text.plist.xml; path = Info.plist; sourceTree = "<group>"; };
/* End PBXFileReference section */

/* Begin PBXFrameworksBuildPhase section */
		2BF5E4871CB482E4005F4E35 /* Frameworks */ = {
			isa = PBXFrameworksBuildPhase;
			buildActionMask = 2147483647;
			files = (
			);
			runOnlyForDeploymentPostprocessing = 0;
		};
/* End PBXFrameworksBuildPhase section */

/* Begin PBXGroup section */
		2B1A2ACB1CB484A600832CEF /* Model */ = {
			isa = PBXGroup;
			children = (
				2B5C03431CBC978700ECAA60 /* Game+CoreDataProperties.swift */,
				2B5C03441CBC978700ECAA60 /* Game.swift */,
				2BBC83E61CBD78FC008B4613 /* VideoGameStoreAnnotation.swift */,
			);
			name = Model;
			sourceTree = "<group>";
		};
		2B1A2ACC1CB484AC00832CEF /* View */ = {
			isa = PBXGroup;
			children = (
				2BD4D9771CB5DA790035C0F5 /* GameCell.swift */,
				2BF5E4911CB482E4005F4E35 /* Main.storyboard */,
				2BF5E4991CB482E4005F4E35 /* LaunchScreen.storyboard */,
			);
			name = View;
			sourceTree = "<group>";
		};
		2B1A2ACD1CB484B400832CEF /* Controller */ = {
			isa = PBXGroup;
			children = (
				2BF5E48F1CB482E4005F4E35 /* ViewController.swift */,
				2B1A2ACE1CB484F900832CEF /* GamesVC.swift */,
				2B1A2AD01CB4851300832CEF /* StoresVC.swift */,
				2B1A2AD21CB4852D00832CEF /* AddGameVC.swift */,
				2B1A2AD41CB4853D00832CEF /* GameDetailVC.swift */,
			);
			name = Controller;
			sourceTree = "<group>";
		};
		2BF5E4811CB482E4005F4E35 = {
			isa = PBXGroup;
			children = (
				2BF5E48C1CB482E4005F4E35 /* game-timeh */,
				2BF5E48B1CB482E4005F4E35 /* Products */,
			);
			sourceTree = "<group>";
		};
		2BF5E48B1CB482E4005F4E35 /* Products */ = {
			isa = PBXGroup;
			children = (
				2BF5E48A1CB482E4005F4E35 /* game-timeh.app */,
			);
			name = Products;
			sourceTree = "<group>";
		};
		2BF5E48C1CB482E4005F4E35 /* game-timeh */ = {
			isa = PBXGroup;
			children = (
				2B1A2ACB1CB484A600832CEF /* Model */,
				2B1A2ACC1CB484AC00832CEF /* View */,
				2B1A2ACD1CB484B400832CEF /* Controller */,
				2BF5E48D1CB482E4005F4E35 /* AppDelegate.swift */,
				2BF5E4971CB482E4005F4E35 /* Assets.xcassets */,
				2BF5E49C1CB482E4005F4E35 /* Info.plist */,
				2BF5E4941CB482E4005F4E35 /* game_timeh.xcdatamodeld */,
			);
			path = "game-timeh";
			sourceTree = "<group>";
		};
/* End PBXGroup section */

/* Begin PBXNativeTarget section */
		2BF5E4891CB482E4005F4E35 /* game-timeh */ = {
			isa = PBXNativeTarget;
			buildConfigurationList = 2BF5E49F1CB482E4005F4E35 /* Build configuration list for PBXNativeTarget "game-timeh" */;
			buildPhases = (
				2BF5E4861CB482E4005F4E35 /* Sources */,
				2BF5E4871CB482E4005F4E35 /* Frameworks */,
				2BF5E4881CB482E4005F4E35 /* Resources */,
			);
			buildRules = (
			);
			dependencies = (
			);
			name = "game-timeh";
			productName = "game-timeh";
			productReference = 2BF5E48A1CB482E4005F4E35 /* game-timeh.app */;
			productType = "com.apple.product-type.application";
		};
/* End PBXNativeTarget section */

/* Begin PBXProject section */
		2BF5E4821CB482E4005F4E35 /* Project object */ = {
			isa = PBXProject;
			attributes = {
				LastSwiftUpdateCheck = 0730;
				LastUpgradeCheck = 0730;
				ORGANIZATIONNAME = "James Dyer";
				TargetAttributes = {
					2BF5E4891CB482E4005F4E35 = {
						CreatedOnToolsVersion = 7.3;
					};
				};
			};
			buildConfigurationList = 2BF5E4851CB482E4005F4E35 /* Build configuration list for PBXProject "game-timeh" */;
			compatibilityVersion = "Xcode 3.2";
			developmentRegion = English;
			hasScannedForEncodings = 0;
			knownRegions = (
				en,
				Base,
			);
			mainGroup = 2BF5E4811CB482E4005F4E35;
			productRefGroup = 2BF5E48B1CB482E4005F4E35 /* Products */;
			projectDirPath = "";
			projectRoot = "";
			targets = (
				2BF5E4891CB482E4005F4E35 /* game-timeh */,
			);
		};
/* End PBXProject section */

/* Begin PBXResourcesBuildPhase section */
		2BF5E4881CB482E4005F4E35 /* Resources */ = {
			isa = PBXResourcesBuildPhase;
			buildActionMask = 2147483647;
			files = (
				2BF5E49B1CB482E4005F4E35 /* LaunchScreen.storyboard in Resources */,
				2BF5E4981CB482E4005F4E35 /* Assets.xcassets in Resources */,
				2BF5E4931CB482E4005F4E35 /* Main.storyboard in Resources */,
			);
			runOnlyForDeploymentPostprocessing = 0;
		};
/* End PBXResourcesBuildPhase section */

/* Begin PBXSourcesBuildPhase section */
		2BF5E4861CB482E4005F4E35 /* Sources */ = {
			isa = PBXSourcesBuildPhase;
			buildActionMask = 2147483647;
			files = (
				2BF5E4901CB482E4005F4E35 /* ViewController.swift in Sources */,
				2B5C03461CBC978700ECAA60 /* Game.swift in Sources */,
				2BBC83E71CBD78FC008B4613 /* VideoGameStoreAnnotation.swift in Sources */,
				2B1A2AD11CB4851300832CEF /* StoresVC.swift in Sources */,
				2BD4D9781CB5DA790035C0F5 /* GameCell.swift in Sources */,
				2B1A2AD31CB4852D00832CEF /* AddGameVC.swift in Sources */,
				2BF5E48E1CB482E4005F4E35 /* AppDelegate.swift in Sources */,
				2B1A2ACF1CB484F900832CEF /* GamesVC.swift in Sources */,
				2BF5E4961CB482E4005F4E35 /* game_timeh.xcdatamodeld in Sources */,
				2B1A2AD51CB4853D00832CEF /* GameDetailVC.swift in Sources */,
				2B5C03451CBC978700ECAA60 /* Game+CoreDataProperties.swift in Sources */,
			);
			runOnlyForDeploymentPostprocessing = 0;
		};
/* End PBXSourcesBuildPhase section */

/* Begin PBXVariantGroup section */
		2BF5E4911CB482E4005F4E35 /* Main.storyboard */ = {
			isa = PBXVariantGroup;
			children = (
				2BF5E4921CB482E4005F4E35 /* Base */,
			);
			name = Main.storyboard;
			sourceTree = "<group>";
		};
		2BF5E4991CB482E4005F4E35 /* LaunchScreen.storyboard */ = {
			isa = PBXVariantGroup;
			children = (
				2BF5E49A1CB482E4005F4E35 /* Base */,
			);
			name = LaunchScreen.storyboard;
			sourceTree = "<group>";
		};
/* End PBXVariantGroup section */

/* Begin XCBuildConfiguration section */
		2BF5E49D1CB482E4005F4E35 /* Debug */ = {
			isa = XCBuildConfiguration;
			buildSettings = {
				ALWAYS_SEARCH_USER_PATHS = NO;
				CLANG_ANALYZER_NONNULL = YES;
				CLANG_CXX_LANGUAGE_STANDARD = "gnu++0x";
				CLANG_CXX_LIBRARY = "libc++";
				CLANG_ENABLE_MODULES = YES;
				CLANG_ENABLE_OBJC_ARC = YES;
				CLANG_WARN_BOOL_CONVERSION = YES;
				CLANG_WARN_CONSTANT_CONVERSION = YES;
				CLANG_WARN_DIRECT_OBJC_ISA_USAGE = YES_ERROR;
				CLANG_WARN_EMPTY_BODY = YES;
				CLANG_WARN_ENUM_CONVERSION = YES;
				CLANG_WARN_INT_CONVERSION = YES;
				CLANG_WARN_OBJC_ROOT_CLASS = YES_ERROR;
				CLANG_WARN_UNREACHABLE_CODE = YES;
				CLANG_WARN__DUPLICATE_METHOD_MATCH = YES;
				"CODE_SIGN_IDENTITY[sdk=iphoneos*]" = "iPhone Developer";
				COPY_PHASE_STRIP = NO;
				DEBUG_INFORMATION_FORMAT = dwarf;
				ENABLE_STRICT_OBJC_MSGSEND = YES;
				ENABLE_TESTABILITY = YES;
				GCC_C_LANGUAGE_STANDARD = gnu99;
				GCC_DYNAMIC_NO_PIC = NO;
				GCC_NO_COMMON_BLOCKS = YES;
				GCC_OPTIMIZATION_LEVEL = 0;
				GCC_PREPROCESSOR_DEFINITIONS = (
					"DEBUG=1",
					"$(inherited)",
				);
				GCC_WARN_64_TO_32_BIT_CONVERSION = YES;
				GCC_WARN_ABOUT_RETURN_TYPE = YES_ERROR;
				GCC_WARN_UNDECLARED_SELECTOR = YES;
				GCC_WARN_UNINITIALIZED_AUTOS = YES_AGGRESSIVE;
				GCC_WARN_UNUSED_FUNCTION = YES;
				GCC_WARN_UNUSED_VARIABLE = YES;
				IPHONEOS_DEPLOYMENT_TARGET = 9.3;
				MTL_ENABLE_DEBUG_INFO = YES;
				ONLY_ACTIVE_ARCH = YES;
				SDKROOT = iphoneos;
				SWIFT_OPTIMIZATION_LEVEL = "-Onone";
				TARGETED_DEVICE_FAMILY = "1,2";
			};
			name = Debug;
		};
		2BF5E49E1CB482E4005F4E35 /* Release */ = {
			isa = XCBuildConfiguration;
			buildSettings = {
				ALWAYS_SEARCH_USER_PATHS = NO;
				CLANG_ANALYZER_NONNULL = YES;
				CLANG_CXX_LANGUAGE_STANDARD = "gnu++0x";
				CLANG_CXX_LIBRARY = "libc++";
				CLANG_ENABLE_MODULES = YES;
				CLANG_ENABLE_OBJC_ARC = YES;
				CLANG_WARN_BOOL_CONVERSION = YES;
				CLANG_WARN_CONSTANT_CONVERSION = YES;
				CLANG_WARN_DIRECT_OBJC_ISA_USAGE = YES_ERROR;
				CLANG_WARN_EMPTY_BODY = YES;
				CLANG_WARN_ENUM_CONVERSION = YES;
				CLANG_WARN_INT_CONVERSION = YES;
				CLANG_WARN_OBJC_ROOT_CLASS = YES_ERROR;
				CLANG_WARN_UNREACHABLE_CODE = YES;
				CLANG_WARN__DUPLICATE_METHOD_MATCH = YES;
				"CODE_SIGN_IDENTITY[sdk=iphoneos*]" = "iPhone Developer";
				COPY_PHASE_STRIP = NO;
				DEBUG_INFORMATION_FORMAT = "dwarf-with-dsym";
				ENABLE_NS_ASSERTIONS = NO;
				ENABLE_STRICT_OBJC_MSGSEND = YES;
				GCC_C_LANGUAGE_STANDARD = gnu99;
				GCC_NO_COMMON_BLOCKS = YES;
				GCC_WARN_64_TO_32_BIT_CONVERSION = YES;
				GCC_WARN_ABOUT_RETURN_TYPE = YES_ERROR;
				GCC_WARN_UNDECLARED_SELECTOR = YES;
				GCC_WARN_UNINITIALIZED_AUTOS = YES_AGGRESSIVE;
				GCC_WARN_UNUSED_FUNCTION = YES;
				GCC_WARN_UNUSED_VARIABLE = YES;
				IPHONEOS_DEPLOYMENT_TARGET = 9.3;
				MTL_ENABLE_DEBUG_INFO = NO;
				SDKROOT = iphoneos;
				TARGETED_DEVICE_FAMILY = "1,2";
				VALIDATE_PRODUCT = YES;
			};
			name = Release;
		};
		2BF5E4A01CB482E4005F4E35 /* Debug */ = {
			isa = XCBuildConfiguration;
			buildSettings = {
				ASSETCATALOG_COMPILER_APPICON_NAME = AppIcon;
				CLANG_ENABLE_MODULES = YES;
				INFOPLIST_FILE = "game-timeh/Info.plist";
				LD_RUNPATH_SEARCH_PATHS = "$(inherited) @executable_path/Frameworks";
				PRODUCT_BUNDLE_IDENTIFIER = "com.jamesalandyer.game-timeh";
				PRODUCT_NAME = "$(TARGET_NAME)";
				SWIFT_OPTIMIZATION_LEVEL = "-Onone";
			};
			name = Debug;
		};
		2BF5E4A11CB482E4005F4E35 /* Release */ = {
			isa = XCBuildConfiguration;
			buildSettings = {
				ASSETCATALOG_COMPILER_APPICON_NAME = AppIcon;
				CLANG_ENABLE_MODULES = YES;
				INFOPLIST_FILE = "game-timeh/Info.plist";
				LD_RUNPATH_SEARCH_PATHS = "$(inherited) @executable_path/Frameworks";
				PRODUCT_BUNDLE_IDENTIFIER = "com.jamesalandyer.game-timeh";
				PRODUCT_NAME = "$(TARGET_NAME)";
			};
			name = Release;
		};
/* End XCBuildConfiguration section */

/* Begin XCConfigurationList section */
		2BF5E4851CB482E4005F4E35 /* Build configuration list for PBXProject "game-timeh" */ = {
			isa = XCConfigurationList;
			buildConfigurations = (
				2BF5E49D1CB482E4005F4E35 /* Debug */,
				2BF5E49E1CB482E4005F4E35 /* Release */,
			);
			defaultConfigurationIsVisible = 0;
			defaultConfigurationName = Release;
		};
		2BF5E49F1CB482E4005F4E35 /* Build configuration list for PBXNativeTarget "game-timeh" */ = {
			isa = XCConfigurationList;
			buildConfigurations = (
				2BF5E4A01CB482E4005F4E35 /* Debug */,
				2BF5E4A11CB482E4005F4E35 /* Release */,
			);
			defaultConfigurationIsVisible = 0;
			defaultConfigurationName = Release;
		};
/* End XCConfigurationList section */

/* Begin XCVersionGroup section */
		2BF5E4941CB482E4005F4E35 /* game_timeh.xcdatamodeld */ = {
			isa = XCVersionGroup;
			children = (
				2BF5E4951CB482E4005F4E35 /* game_timeh.xcdatamodel */,
			);
			currentVersion = 2BF5E4951CB482E4005F4E35 /* game_timeh.xcdatamodel */;
			path = game_timeh.xcdatamodeld;
			sourceTree = "<group>";
			versionGroupType = wrapper.xcdatamodel;
		};
/* End XCVersionGroup section */
	};
	rootObject = 2BF5E4821CB482E4005F4E35 /* Project object */;
}
